
Microsoft Visual Studio Solution File, Format Version 12.00
# Visual Studio Version 17
VisualStudioVersion = 17.5.33424.131
MinimumVisualStudioVersion = 10.0.40219.1
Project("{2150E333-8FDC-42A3-9474-1A3956D46DE8}") = "01. Clients", "01. Clients", "{DAEA866B-E2C7-4CE7-8E02-BEEB3AE8C0BC}"
EndProject
Project("{2150E333-8FDC-42A3-9474-1A3956D46DE8}") = "02. Api.Gateways", "02. Api.Gateways", "{183ABB2D-232C-4435-A567-A9EFB61826F1}"
EndProject
Project("{2150E333-8FDC-42A3-9474-1A3956D46DE8}") = "03. Services", "03. Services", "{C7955E83-EE52-498A-A53E-594A577B0883}"
EndProject
Project("{2150E333-8FDC-42A3-9474-1A3956D46DE8}") = "01. Identity", "01. Identity", "{6FA83D21-2ED6-4AEC-A840-3B8899AE7D9B}"
EndProject
Project("{2150E333-8FDC-42A3-9474-1A3956D46DE8}") = "02. Catalog", "02. Catalog", "{9F843201-D943-49FA-ABCB-38C436607B86}"
EndProject
Project("{2150E333-8FDC-42A3-9474-1A3956D46DE8}") = "03. Customer", "03. Customer", "{43662143-342E-4426-8CFD-4C1A902C896A}"
EndProject
Project("{2150E333-8FDC-42A3-9474-1A3956D46DE8}") = "04. Order", "04. Order", "{109C6DE1-A0B7-479C-AA6F-B123ED899889}"
EndProject
Project("{9A19103F-16F7-4668-BE54-9A1E7A4F7556}") = "Catalog.Api", "src\Services\Catalog\Catalog.Api\Catalog.Api.csproj", "{00332884-84F4-4CAB-A395-CF57613C525F}"
EndProject
Project("{9A19103F-16F7-4668-BE54-9A1E7A4F7556}") = "Catalog.Persistence.Database", "src\Services\Catalog\Catalog.Persistence.Database\Catalog.Persistence.Database.csproj", "{B70307EC-1D50-4E7A-AC2B-639839FD11CF}"
EndProject
Project("{9A19103F-16F7-4668-BE54-9A1E7A4F7556}") = "Catalog.Domain", "src\Services\Catalog\Catalog.Domain\Catalog.Domain.csproj", "{5B4301FF-17B6-4D6B-B0C7-1C6FFC95D0AE}"
EndProject
Project("{9A19103F-16F7-4668-BE54-9A1E7A4F7556}") = "Catalog.Service.Queries", "src\Services\Catalog\Catalog.Service.Queries\Catalog.Service.Queries.csproj", "{404CD801-5DB6-4D39-9FBF-AC2794E602A6}"
EndProject
Project("{2150E333-8FDC-42A3-9474-1A3956D46DE8}") = "Common", "Common", "{9F9644D1-82D6-4852-87BD-442BBEA28663}"
EndProject
Project("{9A19103F-16F7-4668-BE54-9A1E7A4F7556}") = "Service.Common.Mapping", "src\Services\Common\Service.Common.Mapping\Service.Common.Mapping.csproj", "{017EEB37-B739-4854-A485-3EA2B20D8AB2}"
EndProject
Project("{9A19103F-16F7-4668-BE54-9A1E7A4F7556}") = "Service.Common.Paging", "src\Services\Common\Service.Common.Paging\Service.Common.Paging.csproj", "{A36B6C37-EDFB-4495-B843-709531EC8154}"
EndProject
Project("{9A19103F-16F7-4668-BE54-9A1E7A4F7556}") = "Service.Common.Collection", "src\Services\Common\Service.Common.Collection\Service.Common.Collection.csproj", "{36D3A907-7F5A-4578-94DE-4553CE004C9A}"
EndProject
Project("{9A19103F-16F7-4668-BE54-9A1E7A4F7556}") = "Catalog.Service.EventHandlers", "src\Services\Catalog\Catalog.Service.EventHandlers\Catalog.Service.EventHandlers.csproj", "{18FD680B-EDBB-4506-8EBB-B262AB5AFD56}"
EndProject
Project("{9A19103F-16F7-4668-BE54-9A1E7A4F7556}") = "Catalog.Common", "src\Services\Catalog\Catalog.Common\Catalog.Common.csproj", "{0CF691BF-D7BA-4D2A-A624-352FEED5D13B}"
EndProject
Project("{2150E333-8FDC-42A3-9474-1A3956D46DE8}") = "04. Common", "04. Common", "{7A72B8D2-19DF-4C97-81E8-8C56D7429657}"
EndProject
Project("{9A19103F-16F7-4668-BE54-9A1E7A4F7556}") = "Common.Logging", "src\Common\Common.Logging\Common.Logging.csproj", "{C43EB83A-1C4A-4C28-A900-941ED18C413A}"
EndProject
Project("{9A19103F-16F7-4668-BE54-9A1E7A4F7556}") = "Customer.Domain", "src\Services\Customer\Customer.Domain\Customer.Domain.csproj", "{D8667ED5-FF8A-4E47-BA0B-D3494CC5484D}"
EndProject
Project("{9A19103F-16F7-4668-BE54-9A1E7A4F7556}") = "Order.Domain", "src\Services\Order\Order.Domain\Order.Domain.csproj", "{3DD706E3-0978-45CE-A8A3-205B69AE2A41}"
EndProject
Project("{9A19103F-16F7-4668-BE54-9A1E7A4F7556}") = "Order.Common", "src\Services\Order\Order.Common\Order.Common.csproj", "{3D4DBAB1-BF18-464C-A203-CCD4BB50D95B}"
EndProject
Project("{9A19103F-16F7-4668-BE54-9A1E7A4F7556}") = "Customer.Persistence.Database", "src\Services\Customer\Customer.Persistence.Database\Customer.Persistence.Database.csproj", "{0CBB2EF3-E6D7-41CF-9BBC-81028E904C29}"
EndProject
Project("{9A19103F-16F7-4668-BE54-9A1E7A4F7556}") = "Customer.Api", "src\Services\Customer\Customer.Api\Customer.Api.csproj", "{DAC387F6-B6A7-48C6-AE5F-7197494AA623}"
EndProject
Project("{9A19103F-16F7-4668-BE54-9A1E7A4F7556}") = "Customer.Service.Queries", "src\Services\Customer\Customer.Service.Queries\Customer.Service.Queries.csproj", "{D3EABF67-D43F-44D2-B36F-452B3889BF27}"
EndProject
Project("{9A19103F-16F7-4668-BE54-9A1E7A4F7556}") = "Customer.Service.EventHandlers", "src\Services\Customer\Customer.Service.EventHandlers\Customer.Service.EventHandlers.csproj", "{D3B79E12-E61E-49D2-A38B-811957E23658}"
EndProject
Project("{9A19103F-16F7-4668-BE54-9A1E7A4F7556}") = "Order.Persistence.Database", "src\Services\Order\Order.Persistence.Database\Order.Persistence.Database.csproj", "{63FA435E-4FDB-49DC-A9C0-82B1CA2292BC}"
EndProject
Project("{9A19103F-16F7-4668-BE54-9A1E7A4F7556}") = "Order.Api", "src\Services\Order\Order.Api\Order.Api.csproj", "{843DAB97-EBE0-4651-8E39-B50537B5EED1}"
EndProject
Project("{9A19103F-16F7-4668-BE54-9A1E7A4F7556}") = "Order.Service.Queries", "src\Services\Order\Order.Service.Queries\Order.Service.Queries.csproj", "{06FB3EF7-82C6-4851-A11A-31505A6D16BD}"
EndProject
Project("{9A19103F-16F7-4668-BE54-9A1E7A4F7556}") = "Order.Service.EventHandlers", "src\Services\Order\Order.Service.EventHandlers\Order.Service.EventHandlers.csproj", "{D6C0B395-A74B-4293-935B-607CD9AC954F}"
EndProject
Project("{9A19103F-16F7-4668-BE54-9A1E7A4F7556}") = "Order.Service.Proxies", "src\Services\Order\Order.Service.Proxies\Order.Service.Proxies.csproj", "{5AA847A9-D526-415F-BA01-B7B687C697AC}"
EndProject
Project("{9A19103F-16F7-4668-BE54-9A1E7A4F7556}") = "Identity.Domain", "src\Services\Identity\Identity.Domain\Identity.Domain.csproj", "{E77B9771-4E10-439B-9BB1-CF0CA09C9A70}"
EndProject
Project("{9A19103F-16F7-4668-BE54-9A1E7A4F7556}") = "Identity.Persistence.Database", "src\Services\Identity\Identity.Persistence.Database\Identity.Persistence.Database.csproj", "{C29C18BB-ECD8-4687-8A16-F2CB37CF760E}"
EndProject
Project("{9A19103F-16F7-4668-BE54-9A1E7A4F7556}") = "Identity.Api", "src\Services\Identity\Identity.Api\Identity.Api.csproj", "{E0EC8F66-E1AC-4E80-AE8D-F8697BC5637B}"
EndProject
Project("{9A19103F-16F7-4668-BE54-9A1E7A4F7556}") = "Identity.Service.Queries", "src\Services\Identity\Identity.Service.Queries\Identity.Service.Queries.csproj", "{DDA3C4C1-A835-4949-9FD8-793992C0671E}"
EndProject
Project("{9A19103F-16F7-4668-BE54-9A1E7A4F7556}") = "Identity.Service.EventHandlers", "src\Services\Identity\Identity.Service.EventHandlers\Identity.Service.EventHandlers.csproj", "{EC7A3973-B1C7-43C2-A7B6-946201D26F81}"
EndProject
Project("{9A19103F-16F7-4668-BE54-9A1E7A4F7556}") = "Api.Gateway.WebClient", "src\Gateways\Api.Gateway.WebClient\Api.Gateway.WebClient.csproj", "{CFDB61D3-EE6D-4F44-80AF-D2DA175256B6}"
EndProject
Project("{9A19103F-16F7-4668-BE54-9A1E7A4F7556}") = "Api.Gateway.Models", "src\Gateways\Api.Gateway.Models\Api.Gateway.Models.csproj", "{DCCF3747-5F36-4C86-8919-A49FCC46BBC1}"
EndProject
Project("{9A19103F-16F7-4668-BE54-9A1E7A4F7556}") = "Api.Gateway.Proxies", "src\Gateways\Api.Gateway.Proxies\Api.Gateway.Proxies.csproj", "{83AB501E-1DAE-4658-A735-1F230ADD4730}"
EndProject
Project("{9A19103F-16F7-4668-BE54-9A1E7A4F7556}") = "Clients.Authentication", "src\Clients\Clients.Authentication\Clients.Authentication.csproj", "{643CAD54-C740-4A5C-A885-AA5537C363D3}"
EndProject
Project("{9A19103F-16F7-4668-BE54-9A1E7A4F7556}") = "Clients.WebClient", "src\Clients\Clients.WebClient\Clients.WebClient.csproj", "{7F771779-71A0-4854-8723-495DFE6BBC8F}"
EndProject
Project("{FAE04EC0-301F-11D3-BF4B-00C04F79EFBC}") = "Api.Gateway.WebClient.Proxy", "src\Gateways\Api.Gateway.WebClient.Proxy\Api.Gateway.WebClient.Proxy.csproj", "{4C7B40F3-7900-4787-B7E7-872500505EBE}"
EndProject
Global
	GlobalSection(SolutionConfigurationPlatforms) = preSolution
		Debug|Any CPU = Debug|Any CPU
		Release|Any CPU = Release|Any CPU
	EndGlobalSection
	GlobalSection(ProjectConfigurationPlatforms) = postSolution
		{00332884-84F4-4CAB-A395-CF57613C525F}.Debug|Any CPU.ActiveCfg = Debug|Any CPU
		{00332884-84F4-4CAB-A395-CF57613C525F}.Debug|Any CPU.Build.0 = Debug|Any CPU
		{00332884-84F4-4CAB-A395-CF57613C525F}.Release|Any CPU.ActiveCfg = Release|Any CPU
		{00332884-84F4-4CAB-A395-CF57613C525F}.Release|Any CPU.Build.0 = Release|Any CPU
		{B70307EC-1D50-4E7A-AC2B-639839FD11CF}.Debug|Any CPU.ActiveCfg = Debug|Any CPU
		{B70307EC-1D50-4E7A-AC2B-639839FD11CF}.Debug|Any CPU.Build.0 = Debug|Any CPU
		{B70307EC-1D50-4E7A-AC2B-639839FD11CF}.Release|Any CPU.ActiveCfg = Release|Any CPU
		{B70307EC-1D50-4E7A-AC2B-639839FD11CF}.Release|Any CPU.Build.0 = Release|Any CPU
		{5B4301FF-17B6-4D6B-B0C7-1C6FFC95D0AE}.Debug|Any CPU.ActiveCfg = Debug|Any CPU
		{5B4301FF-17B6-4D6B-B0C7-1C6FFC95D0AE}.Debug|Any CPU.Build.0 = Debug|Any CPU
		{5B4301FF-17B6-4D6B-B0C7-1C6FFC95D0AE}.Release|Any CPU.ActiveCfg = Release|Any CPU
		{5B4301FF-17B6-4D6B-B0C7-1C6FFC95D0AE}.Release|Any CPU.Build.0 = Release|Any CPU
		{404CD801-5DB6-4D39-9FBF-AC2794E602A6}.Debug|Any CPU.ActiveCfg = Debug|Any CPU
		{404CD801-5DB6-4D39-9FBF-AC2794E602A6}.Debug|Any CPU.Build.0 = Debug|Any CPU
		{404CD801-5DB6-4D39-9FBF-AC2794E602A6}.Release|Any CPU.ActiveCfg = Release|Any CPU
		{404CD801-5DB6-4D39-9FBF-AC2794E602A6}.Release|Any CPU.Build.0 = Release|Any CPU
		{017EEB37-B739-4854-A485-3EA2B20D8AB2}.Debug|Any CPU.ActiveCfg = Debug|Any CPU
		{017EEB37-B739-4854-A485-3EA2B20D8AB2}.Debug|Any CPU.Build.0 = Debug|Any CPU
		{017EEB37-B739-4854-A485-3EA2B20D8AB2}.Release|Any CPU.ActiveCfg = Release|Any CPU
		{017EEB37-B739-4854-A485-3EA2B20D8AB2}.Release|Any CPU.Build.0 = Release|Any CPU
		{A36B6C37-EDFB-4495-B843-709531EC8154}.Debug|Any CPU.ActiveCfg = Debug|Any CPU
		{A36B6C37-EDFB-4495-B843-709531EC8154}.Debug|Any CPU.Build.0 = Debug|Any CPU
		{A36B6C37-EDFB-4495-B843-709531EC8154}.Release|Any CPU.ActiveCfg = Release|Any CPU
		{A36B6C37-EDFB-4495-B843-709531EC8154}.Release|Any CPU.Build.0 = Release|Any CPU
		{36D3A907-7F5A-4578-94DE-4553CE004C9A}.Debug|Any CPU.ActiveCfg = Debug|Any CPU
		{36D3A907-7F5A-4578-94DE-4553CE004C9A}.Debug|Any CPU.Build.0 = Debug|Any CPU
		{36D3A907-7F5A-4578-94DE-4553CE004C9A}.Release|Any CPU.ActiveCfg = Release|Any CPU
		{36D3A907-7F5A-4578-94DE-4553CE004C9A}.Release|Any CPU.Build.0 = Release|Any CPU
		{18FD680B-EDBB-4506-8EBB-B262AB5AFD56}.Debug|Any CPU.ActiveCfg = Debug|Any CPU
		{18FD680B-EDBB-4506-8EBB-B262AB5AFD56}.Debug|Any CPU.Build.0 = Debug|Any CPU
		{18FD680B-EDBB-4506-8EBB-B262AB5AFD56}.Release|Any CPU.ActiveCfg = Release|Any CPU
		{18FD680B-EDBB-4506-8EBB-B262AB5AFD56}.Release|Any CPU.Build.0 = Release|Any CPU
		{0CF691BF-D7BA-4D2A-A624-352FEED5D13B}.Debug|Any CPU.ActiveCfg = Debug|Any CPU
		{0CF691BF-D7BA-4D2A-A624-352FEED5D13B}.Debug|Any CPU.Build.0 = Debug|Any CPU
		{0CF691BF-D7BA-4D2A-A624-352FEED5D13B}.Release|Any CPU.ActiveCfg = Release|Any CPU
		{0CF691BF-D7BA-4D2A-A624-352FEED5D13B}.Release|Any CPU.Build.0 = Release|Any CPU
		{C43EB83A-1C4A-4C28-A900-941ED18C413A}.Debug|Any CPU.ActiveCfg = Debug|Any CPU
		{C43EB83A-1C4A-4C28-A900-941ED18C413A}.Debug|Any CPU.Build.0 = Debug|Any CPU
		{C43EB83A-1C4A-4C28-A900-941ED18C413A}.Release|Any CPU.ActiveCfg = Release|Any CPU
		{C43EB83A-1C4A-4C28-A900-941ED18C413A}.Release|Any CPU.Build.0 = Release|Any CPU
		{D8667ED5-FF8A-4E47-BA0B-D3494CC5484D}.Debug|Any CPU.ActiveCfg = Debug|Any CPU
		{D8667ED5-FF8A-4E47-BA0B-D3494CC5484D}.Debug|Any CPU.Build.0 = Debug|Any CPU
		{D8667ED5-FF8A-4E47-BA0B-D3494CC5484D}.Release|Any CPU.ActiveCfg = Release|Any CPU
		{D8667ED5-FF8A-4E47-BA0B-D3494CC5484D}.Release|Any CPU.Build.0 = Release|Any CPU
		{3DD706E3-0978-45CE-A8A3-205B69AE2A41}.Debug|Any CPU.ActiveCfg = Debug|Any CPU
		{3DD706E3-0978-45CE-A8A3-205B69AE2A41}.Debug|Any CPU.Build.0 = Debug|Any CPU
		{3DD706E3-0978-45CE-A8A3-205B69AE2A41}.Release|Any CPU.ActiveCfg = Release|Any CPU
		{3DD706E3-0978-45CE-A8A3-205B69AE2A41}.Release|Any CPU.Build.0 = Release|Any CPU
		{3D4DBAB1-BF18-464C-A203-CCD4BB50D95B}.Debug|Any CPU.ActiveCfg = Debug|Any CPU
		{3D4DBAB1-BF18-464C-A203-CCD4BB50D95B}.Debug|Any CPU.Build.0 = Debug|Any CPU
		{3D4DBAB1-BF18-464C-A203-CCD4BB50D95B}.Release|Any CPU.ActiveCfg = Release|Any CPU
		{3D4DBAB1-BF18-464C-A203-CCD4BB50D95B}.Release|Any CPU.Build.0 = Release|Any CPU
		{0CBB2EF3-E6D7-41CF-9BBC-81028E904C29}.Debug|Any CPU.ActiveCfg = Debug|Any CPU
		{0CBB2EF3-E6D7-41CF-9BBC-81028E904C29}.Debug|Any CPU.Build.0 = Debug|Any CPU
		{0CBB2EF3-E6D7-41CF-9BBC-81028E904C29}.Release|Any CPU.ActiveCfg = Release|Any CPU
		{0CBB2EF3-E6D7-41CF-9BBC-81028E904C29}.Release|Any CPU.Build.0 = Release|Any CPU
		{DAC387F6-B6A7-48C6-AE5F-7197494AA623}.Debug|Any CPU.ActiveCfg = Debug|Any CPU
		{DAC387F6-B6A7-48C6-AE5F-7197494AA623}.Debug|Any CPU.Build.0 = Debug|Any CPU
		{DAC387F6-B6A7-48C6-AE5F-7197494AA623}.Release|Any CPU.ActiveCfg = Release|Any CPU
		{DAC387F6-B6A7-48C6-AE5F-7197494AA623}.Release|Any CPU.Build.0 = Release|Any CPU
		{D3EABF67-D43F-44D2-B36F-452B3889BF27}.Debug|Any CPU.ActiveCfg = Debug|Any CPU
		{D3EABF67-D43F-44D2-B36F-452B3889BF27}.Debug|Any CPU.Build.0 = Debug|Any CPU
		{D3EABF67-D43F-44D2-B36F-452B3889BF27}.Release|Any CPU.ActiveCfg = Release|Any CPU
		{D3EABF67-D43F-44D2-B36F-452B3889BF27}.Release|Any CPU.Build.0 = Release|Any CPU
		{D3B79E12-E61E-49D2-A38B-811957E23658}.Debug|Any CPU.ActiveCfg = Debug|Any CPU
		{D3B79E12-E61E-49D2-A38B-811957E23658}.Debug|Any CPU.Build.0 = Debug|Any CPU
		{D3B79E12-E61E-49D2-A38B-811957E23658}.Release|Any CPU.ActiveCfg = Release|Any CPU
		{D3B79E12-E61E-49D2-A38B-811957E23658}.Release|Any CPU.Build.0 = Release|Any CPU
		{63FA435E-4FDB-49DC-A9C0-82B1CA2292BC}.Debug|Any CPU.ActiveCfg = Debug|Any CPU
		{63FA435E-4FDB-49DC-A9C0-82B1CA2292BC}.Debug|Any CPU.Build.0 = Debug|Any CPU
		{63FA435E-4FDB-49DC-A9C0-82B1CA2292BC}.Release|Any CPU.ActiveCfg = Release|Any CPU
		{63FA435E-4FDB-49DC-A9C0-82B1CA2292BC}.Release|Any CPU.Build.0 = Release|Any CPU
		{843DAB97-EBE0-4651-8E39-B50537B5EED1}.Debug|Any CPU.ActiveCfg = Debug|Any CPU
		{843DAB97-EBE0-4651-8E39-B50537B5EED1}.Debug|Any CPU.Build.0 = Debug|Any CPU
		{843DAB97-EBE0-4651-8E39-B50537B5EED1}.Release|Any CPU.ActiveCfg = Release|Any CPU
		{843DAB97-EBE0-4651-8E39-B50537B5EED1}.Release|Any CPU.Build.0 = Release|Any CPU
		{06FB3EF7-82C6-4851-A11A-31505A6D16BD}.Debug|Any CPU.ActiveCfg = Debug|Any CPU
		{06FB3EF7-82C6-4851-A11A-31505A6D16BD}.Debug|Any CPU.Build.0 = Debug|Any CPU
		{06FB3EF7-82C6-4851-A11A-31505A6D16BD}.Release|Any CPU.ActiveCfg = Release|Any CPU
		{06FB3EF7-82C6-4851-A11A-31505A6D16BD}.Release|Any CPU.Build.0 = Release|Any CPU
		{D6C0B395-A74B-4293-935B-607CD9AC954F}.Debug|Any CPU.ActiveCfg = Debug|Any CPU
		{D6C0B395-A74B-4293-935B-607CD9AC954F}.Debug|Any CPU.Build.0 = Debug|Any CPU
		{D6C0B395-A74B-4293-935B-607CD9AC954F}.Release|Any CPU.ActiveCfg = Release|Any CPU
		{D6C0B395-A74B-4293-935B-607CD9AC954F}.Release|Any CPU.Build.0 = Release|Any CPU
		{5AA847A9-D526-415F-BA01-B7B687C697AC}.Debug|Any CPU.ActiveCfg = Debug|Any CPU
		{5AA847A9-D526-415F-BA01-B7B687C697AC}.Debug|Any CPU.Build.0 = Debug|Any CPU
		{5AA847A9-D526-415F-BA01-B7B687C697AC}.Release|Any CPU.ActiveCfg = Release|Any CPU
		{5AA847A9-D526-415F-BA01-B7B687C697AC}.Release|Any CPU.Build.0 = Release|Any CPU
		{E77B9771-4E10-439B-9BB1-CF0CA09C9A70}.Debug|Any CPU.ActiveCfg = Debug|Any CPU
		{E77B9771-4E10-439B-9BB1-CF0CA09C9A70}.Debug|Any CPU.Build.0 = Debug|Any CPU
		{E77B9771-4E10-439B-9BB1-CF0CA09C9A70}.Release|Any CPU.ActiveCfg = Release|Any CPU
		{E77B9771-4E10-439B-9BB1-CF0CA09C9A70}.Release|Any CPU.Build.0 = Release|Any CPU
		{C29C18BB-ECD8-4687-8A16-F2CB37CF760E}.Debug|Any CPU.ActiveCfg = Debug|Any CPU
		{C29C18BB-ECD8-4687-8A16-F2CB37CF760E}.Debug|Any CPU.Build.0 = Debug|Any CPU
		{C29C18BB-ECD8-4687-8A16-F2CB37CF760E}.Release|Any CPU.ActiveCfg = Release|Any CPU
		{C29C18BB-ECD8-4687-8A16-F2CB37CF760E}.Release|Any CPU.Build.0 = Release|Any CPU
		{E0EC8F66-E1AC-4E80-AE8D-F8697BC5637B}.Debug|Any CPU.ActiveCfg = Debug|Any CPU
		{E0EC8F66-E1AC-4E80-AE8D-F8697BC5637B}.Debug|Any CPU.Build.0 = Debug|Any CPU
		{E0EC8F66-E1AC-4E80-AE8D-F8697BC5637B}.Release|Any CPU.ActiveCfg = Release|Any CPU
		{E0EC8F66-E1AC-4E80-AE8D-F8697BC5637B}.Release|Any CPU.Build.0 = Release|Any CPU
		{DDA3C4C1-A835-4949-9FD8-793992C0671E}.Debug|Any CPU.ActiveCfg = Debug|Any CPU
		{DDA3C4C1-A835-4949-9FD8-793992C0671E}.Debug|Any CPU.Build.0 = Debug|Any CPU
		{DDA3C4C1-A835-4949-9FD8-793992C0671E}.Release|Any CPU.ActiveCfg = Release|Any CPU
		{DDA3C4C1-A835-4949-9FD8-793992C0671E}.Release|Any CPU.Build.0 = Release|Any CPU
		{EC7A3973-B1C7-43C2-A7B6-946201D26F81}.Debug|Any CPU.ActiveCfg = Debug|Any CPU
		{EC7A3973-B1C7-43C2-A7B6-946201D26F81}.Debug|Any CPU.Build.0 = Debug|Any CPU
		{EC7A3973-B1C7-43C2-A7B6-946201D26F81}.Release|Any CPU.ActiveCfg = Release|Any CPU
		{EC7A3973-B1C7-43C2-A7B6-946201D26F81}.Release|Any CPU.Build.0 = Release|Any CPU
		{CFDB61D3-EE6D-4F44-80AF-D2DA175256B6}.Debug|Any CPU.ActiveCfg = Debug|Any CPU
		{CFDB61D3-EE6D-4F44-80AF-D2DA175256B6}.Debug|Any CPU.Build.0 = Debug|Any CPU
		{CFDB61D3-EE6D-4F44-80AF-D2DA175256B6}.Release|Any CPU.ActiveCfg = Release|Any CPU
		{CFDB61D3-EE6D-4F44-80AF-D2DA175256B6}.Release|Any CPU.Build.0 = Release|Any CPU
		{DCCF3747-5F36-4C86-8919-A49FCC46BBC1}.Debug|Any CPU.ActiveCfg = Debug|Any CPU
		{DCCF3747-5F36-4C86-8919-A49FCC46BBC1}.Debug|Any CPU.Build.0 = Debug|Any CPU
		{DCCF3747-5F36-4C86-8919-A49FCC46BBC1}.Release|Any CPU.ActiveCfg = Release|Any CPU
		{DCCF3747-5F36-4C86-8919-A49FCC46BBC1}.Release|Any CPU.Build.0 = Release|Any CPU
		{83AB501E-1DAE-4658-A735-1F230ADD4730}.Debug|Any CPU.ActiveCfg = Debug|Any CPU
		{83AB501E-1DAE-4658-A735-1F230ADD4730}.Debug|Any CPU.Build.0 = Debug|Any CPU
		{83AB501E-1DAE-4658-A735-1F230ADD4730}.Release|Any CPU.ActiveCfg = Release|Any CPU
		{83AB501E-1DAE-4658-A735-1F230ADD4730}.Release|Any CPU.Build.0 = Release|Any CPU
		{643CAD54-C740-4A5C-A885-AA5537C363D3}.Debug|Any CPU.ActiveCfg = Debug|Any CPU
		{643CAD54-C740-4A5C-A885-AA5537C363D3}.Debug|Any CPU.Build.0 = Debug|Any CPU
		{643CAD54-C740-4A5C-A885-AA5537C363D3}.Release|Any CPU.ActiveCfg = Release|Any CPU
		{643CAD54-C740-4A5C-A885-AA5537C363D3}.Release|Any CPU.Build.0 = Release|Any CPU
		{7F771779-71A0-4854-8723-495DFE6BBC8F}.Debug|Any CPU.ActiveCfg = Debug|Any CPU
		{7F771779-71A0-4854-8723-495DFE6BBC8F}.Debug|Any CPU.Build.0 = Debug|Any CPU
		{7F771779-71A0-4854-8723-495DFE6BBC8F}.Release|Any CPU.ActiveCfg = Release|Any CPU
		{7F771779-71A0-4854-8723-495DFE6BBC8F}.Release|Any CPU.Build.0 = Release|Any CPU
		{4C7B40F3-7900-4787-B7E7-872500505EBE}.Debug|Any CPU.ActiveCfg = Debug|Any CPU
		{4C7B40F3-7900-4787-B7E7-872500505EBE}.Debug|Any CPU.Build.0 = Debug|Any CPU
		{4C7B40F3-7900-4787-B7E7-872500505EBE}.Release|Any CPU.ActiveCfg = Release|Any CPU
		{4C7B40F3-7900-4787-B7E7-872500505EBE}.Release|Any CPU.Build.0 = Release|Any CPU
	EndGlobalSection
	GlobalSection(SolutionProperties) = preSolution
		HideSolutionNode = FALSE
	EndGlobalSection
	GlobalSection(NestedProjects) = preSolution
		{6FA83D21-2ED6-4AEC-A840-3B8899AE7D9B} = {C7955E83-EE52-498A-A53E-594A577B0883}
		{9F843201-D943-49FA-ABCB-38C436607B86} = {C7955E83-EE52-498A-A53E-594A577B0883}
		{43662143-342E-4426-8CFD-4C1A902C896A} = {C7955E83-EE52-498A-A53E-594A577B0883}
		{109C6DE1-A0B7-479C-AA6F-B123ED899889} = {C7955E83-EE52-498A-A53E-594A577B0883}
		{00332884-84F4-4CAB-A395-CF57613C525F} = {9F843201-D943-49FA-ABCB-38C436607B86}
		{B70307EC-1D50-4E7A-AC2B-639839FD11CF} = {9F843201-D943-49FA-ABCB-38C436607B86}
		{5B4301FF-17B6-4D6B-B0C7-1C6FFC95D0AE} = {9F843201-D943-49FA-ABCB-38C436607B86}
		{404CD801-5DB6-4D39-9FBF-AC2794E602A6} = {9F843201-D943-49FA-ABCB-38C436607B86}
		{9F9644D1-82D6-4852-87BD-442BBEA28663} = {C7955E83-EE52-498A-A53E-594A577B0883}
		{017EEB37-B739-4854-A485-3EA2B20D8AB2} = {9F9644D1-82D6-4852-87BD-442BBEA28663}
		{A36B6C37-EDFB-4495-B843-709531EC8154} = {9F9644D1-82D6-4852-87BD-442BBEA28663}
		{36D3A907-7F5A-4578-94DE-4553CE004C9A} = {9F9644D1-82D6-4852-87BD-442BBEA28663}
		{18FD680B-EDBB-4506-8EBB-B262AB5AFD56} = {9F843201-D943-49FA-ABCB-38C436607B86}
		{0CF691BF-D7BA-4D2A-A624-352FEED5D13B} = {9F843201-D943-49FA-ABCB-38C436607B86}
		{C43EB83A-1C4A-4C28-A900-941ED18C413A} = {7A72B8D2-19DF-4C97-81E8-8C56D7429657}
		{D8667ED5-FF8A-4E47-BA0B-D3494CC5484D} = {43662143-342E-4426-8CFD-4C1A902C896A}
		{3DD706E3-0978-45CE-A8A3-205B69AE2A41} = {109C6DE1-A0B7-479C-AA6F-B123ED899889}
		{3D4DBAB1-BF18-464C-A203-CCD4BB50D95B} = {109C6DE1-A0B7-479C-AA6F-B123ED899889}
		{0CBB2EF3-E6D7-41CF-9BBC-81028E904C29} = {43662143-342E-4426-8CFD-4C1A902C896A}
		{DAC387F6-B6A7-48C6-AE5F-7197494AA623} = {43662143-342E-4426-8CFD-4C1A902C896A}
		{D3EABF67-D43F-44D2-B36F-452B3889BF27} = {43662143-342E-4426-8CFD-4C1A902C896A}
		{D3B79E12-E61E-49D2-A38B-811957E23658} = {43662143-342E-4426-8CFD-4C1A902C896A}
		{63FA435E-4FDB-49DC-A9C0-82B1CA2292BC} = {109C6DE1-A0B7-479C-AA6F-B123ED899889}
		{843DAB97-EBE0-4651-8E39-B50537B5EED1} = {109C6DE1-A0B7-479C-AA6F-B123ED899889}
		{06FB3EF7-82C6-4851-A11A-31505A6D16BD} = {109C6DE1-A0B7-479C-AA6F-B123ED899889}
		{D6C0B395-A74B-4293-935B-607CD9AC954F} = {109C6DE1-A0B7-479C-AA6F-B123ED899889}
		{5AA847A9-D526-415F-BA01-B7B687C697AC} = {109C6DE1-A0B7-479C-AA6F-B123ED899889}
		{E77B9771-4E10-439B-9BB1-CF0CA09C9A70} = {6FA83D21-2ED6-4AEC-A840-3B8899AE7D9B}
		{C29C18BB-ECD8-4687-8A16-F2CB37CF760E} = {6FA83D21-2ED6-4AEC-A840-3B8899AE7D9B}
		{E0EC8F66-E1AC-4E80-AE8D-F8697BC5637B} = {6FA83D21-2ED6-4AEC-A840-3B8899AE7D9B}
		{DDA3C4C1-A835-4949-9FD8-793992C0671E} = {6FA83D21-2ED6-4AEC-A840-3B8899AE7D9B}
		{EC7A3973-B1C7-43C2-A7B6-946201D26F81} = {6FA83D21-2ED6-4AEC-A840-3B8899AE7D9B}
		{CFDB61D3-EE6D-4F44-80AF-D2DA175256B6} = {183ABB2D-232C-4435-A567-A9EFB61826F1}
		{DCCF3747-5F36-4C86-8919-A49FCC46BBC1} = {183ABB2D-232C-4435-A567-A9EFB61826F1}
		{83AB501E-1DAE-4658-A735-1F230ADD4730} = {183ABB2D-232C-4435-A567-A9EFB61826F1}
		{643CAD54-C740-4A5C-A885-AA5537C363D3} = {DAEA866B-E2C7-4CE7-8E02-BEEB3AE8C0BC}
		{7F771779-71A0-4854-8723-495DFE6BBC8F} = {DAEA866B-E2C7-4CE7-8E02-BEEB3AE8C0BC}
		{4C7B40F3-7900-4787-B7E7-872500505EBE} = {183ABB2D-232C-4435-A567-A9EFB61826F1}
	EndGlobalSection
	GlobalSection(ExtensibilityGlobals) = postSolution
		SolutionGuid = {3DBEFB66-91F1-4FF7-8269-77835C64425A}
	EndGlobalSection
EndGlobal
